
Microsoft Visual Studio Solution File, Format Version 12.00
# Visual Studio Version 17
VisualStudioVersion = 17.0.31912.275
MinimumVisualStudioVersion = 10.0.40219.1
Project("{FAE04EC0-301F-11D3-BF4B-00C04F79EFBC}") = "CalculateArea", "CalculateArea\CalculateArea.csproj", "{6764DB75-045A-462A-896D-E7150A08DE85}"
EndProject
Project("{FAE04EC0-301F-11D3-BF4B-00C04F79EFBC}") = "GravityCalculator", "GravityCalculator\GravityCalculator.csproj", "{21B4C2ED-21D7-4F86-9A72-FCAD10DE578E}"
EndProject
Project("{9A19103F-16F7-4668-BE54-9A1E7A4F7556}") = "SumAverageRunningInt", "SumAverageRunningInt\SumAverageRunningInt.csproj", "{3A626440-B412-47F6-A2D2-2330B1840FD6}"
EndProject
Project("{9A19103F-16F7-4668-BE54-9A1E7A4F7556}") = "Excercise1", "Excercise1\Excercise1.csproj", "{11A67A01-21BE-4830-9C5F-D30B84D53B52}"
EndProject
Project("{9A19103F-16F7-4668-BE54-9A1E7A4F7556}") = "Excercise2", "Excercise2\Excercise2.csproj", "{CFB0CE89-5FE7-4269-B69A-DD39EAF0F6AB}"
EndProject
Project("{9A19103F-16F7-4668-BE54-9A1E7A4F7556}") = "Exercise4", "Exercise4\Exercise4.csproj", "{1A5D5E89-FD33-4FD8-9CAF-5A512622CEEE}"
EndProject
Project("{9A19103F-16F7-4668-BE54-9A1E7A4F7556}") = "Exercise 5", "Exercise 5\Exercise 5.csproj", "{FB212409-BC71-45E4-AD7A-7FCB5734E7FA}"
EndProject
Project("{9A19103F-16F7-4668-BE54-9A1E7A4F7556}") = "Exercise6", "Exercise6\Exercise6.csproj", "{C759A66B-688E-484A-A78D-0FF3B44091DC}"
EndProject
Project("{9A19103F-16F7-4668-BE54-9A1E7A4F7556}") = "Exercise8", "Exercise8\Exercise8.csproj", "{85728EA8-BBB6-4357-A016-13EFC1EF0257}"
EndProject
Project("{9A19103F-16F7-4668-BE54-9A1E7A4F7556}") = "Exercise9", "Exercise9\Exercise9.csproj", "{ACBBB4EE-3AF1-4AA5-A4D3-73FD4CBB6287}"
EndProject
Project("{9A19103F-16F7-4668-BE54-9A1E7A4F7556}") = "Exercise1.Tests", "Exercise1.Tests\Exercise1.Tests.csproj", "{E7AACE87-327C-4052-965A-EAD9D1F4C316}"
EndProject
Project("{2150E333-8FDC-42A3-9474-1A3956D46DE8}") = "Tests", "Tests", "{22C24C44-F709-4F92-B340-38311D7A6AE7}"
EndProject
Project("{9A19103F-16F7-4668-BE54-9A1E7A4F7556}") = "Exercise2.Tests", "Exercise2.Tests\Exercise2.Tests.csproj", "{FF684097-272B-4715-B339-7F157D43DC25}"
EndProject
Project("{9A19103F-16F7-4668-BE54-9A1E7A4F7556}") = "Exercise6.Tests", "Exercise6.Tests\Exercise6.Tests.csproj", "{8791992B-0BB3-4EBC-970C-9C4E3B9EF8C5}"
EndProject
Project("{FAE04EC0-301F-11D3-BF4B-00C04F79EFBC}") = "GravityCalculatorTests", "GravityCalculatorTests\GravityCalculatorTests.csproj", "{B77D2D92-EE07-4D46-8158-AC4C3272D6F7}"
EndProject
Project("{FAE04EC0-301F-11D3-BF4B-00C04F79EFBC}") = "Exercise8Tests", "Exercise8Tests\Exercise8Tests.csproj", "{7B2F9C0F-95EB-48C9-ACAA-415A3D8A8087}"
EndProject
Project("{FAE04EC0-301F-11D3-BF4B-00C04F79EFBC}") = "CalculateAreaTests", "CalculateAreaTests\CalculateAreaTests.csproj", "{FD751D09-C926-4952-A0B7-50B5F85F04A5}"
EndProject
Global
	GlobalSection(SolutionConfigurationPlatforms) = preSolution
		Debug|Any CPU = Debug|Any CPU
		Release|Any CPU = Release|Any CPU
	EndGlobalSection
	GlobalSection(ProjectConfigurationPlatforms) = postSolution
		{6764DB75-045A-462A-896D-E7150A08DE85}.Debug|Any CPU.ActiveCfg = Debug|Any CPU
		{6764DB75-045A-462A-896D-E7150A08DE85}.Debug|Any CPU.Build.0 = Debug|Any CPU
		{6764DB75-045A-462A-896D-E7150A08DE85}.Release|Any CPU.ActiveCfg = Release|Any CPU
		{6764DB75-045A-462A-896D-E7150A08DE85}.Release|Any CPU.Build.0 = Release|Any CPU
		{21B4C2ED-21D7-4F86-9A72-FCAD10DE578E}.Debug|Any CPU.ActiveCfg = Debug|Any CPU
		{21B4C2ED-21D7-4F86-9A72-FCAD10DE578E}.Debug|Any CPU.Build.0 = Debug|Any CPU
		{21B4C2ED-21D7-4F86-9A72-FCAD10DE578E}.Release|Any CPU.ActiveCfg = Release|Any CPU
		{21B4C2ED-21D7-4F86-9A72-FCAD10DE578E}.Release|Any CPU.Build.0 = Release|Any CPU
		{3A626440-B412-47F6-A2D2-2330B1840FD6}.Debug|Any CPU.ActiveCfg = Debug|Any CPU
		{3A626440-B412-47F6-A2D2-2330B1840FD6}.Debug|Any CPU.Build.0 = Debug|Any CPU
		{3A626440-B412-47F6-A2D2-2330B1840FD6}.Release|Any CPU.ActiveCfg = Release|Any CPU
		{3A626440-B412-47F6-A2D2-2330B1840FD6}.Release|Any CPU.Build.0 = Release|Any CPU
		{11A67A01-21BE-4830-9C5F-D30B84D53B52}.Debug|Any CPU.ActiveCfg = Debug|Any CPU
		{11A67A01-21BE-4830-9C5F-D30B84D53B52}.Debug|Any CPU.Build.0 = Debug|Any CPU
		{11A67A01-21BE-4830-9C5F-D30B84D53B52}.Release|Any CPU.ActiveCfg = Release|Any CPU
		{11A67A01-21BE-4830-9C5F-D30B84D53B52}.Release|Any CPU.Build.0 = Release|Any CPU
		{CFB0CE89-5FE7-4269-B69A-DD39EAF0F6AB}.Debug|Any CPU.ActiveCfg = Debug|Any CPU
		{CFB0CE89-5FE7-4269-B69A-DD39EAF0F6AB}.Debug|Any CPU.Build.0 = Debug|Any CPU
		{CFB0CE89-5FE7-4269-B69A-DD39EAF0F6AB}.Release|Any CPU.ActiveCfg = Release|Any CPU
		{CFB0CE89-5FE7-4269-B69A-DD39EAF0F6AB}.Release|Any CPU.Build.0 = Release|Any CPU
		{1A5D5E89-FD33-4FD8-9CAF-5A512622CEEE}.Debug|Any CPU.ActiveCfg = Debug|Any CPU
		{1A5D5E89-FD33-4FD8-9CAF-5A512622CEEE}.Debug|Any CPU.Build.0 = Debug|Any CPU
		{1A5D5E89-FD33-4FD8-9CAF-5A512622CEEE}.Release|Any CPU.ActiveCfg = Release|Any CPU
		{1A5D5E89-FD33-4FD8-9CAF-5A512622CEEE}.Release|Any CPU.Build.0 = Release|Any CPU
		{FB212409-BC71-45E4-AD7A-7FCB5734E7FA}.Debug|Any CPU.ActiveCfg = Debug|Any CPU
		{FB212409-BC71-45E4-AD7A-7FCB5734E7FA}.Debug|Any CPU.Build.0 = Debug|Any CPU
		{FB212409-BC71-45E4-AD7A-7FCB5734E7FA}.Release|Any CPU.ActiveCfg = Release|Any CPU
		{FB212409-BC71-45E4-AD7A-7FCB5734E7FA}.Release|Any CPU.Build.0 = Release|Any CPU
		{C759A66B-688E-484A-A78D-0FF3B44091DC}.Debug|Any CPU.ActiveCfg = Debug|Any CPU
		{C759A66B-688E-484A-A78D-0FF3B44091DC}.Debug|Any CPU.Build.0 = Debug|Any CPU
		{C759A66B-688E-484A-A78D-0FF3B44091DC}.Release|Any CPU.ActiveCfg = Release|Any CPU
		{C759A66B-688E-484A-A78D-0FF3B44091DC}.Release|Any CPU.Build.0 = Release|Any CPU
		{85728EA8-BBB6-4357-A016-13EFC1EF0257}.Debug|Any CPU.ActiveCfg = Debug|Any CPU
		{85728EA8-BBB6-4357-A016-13EFC1EF0257}.Debug|Any CPU.Build.0 = Debug|Any CPU
		{85728EA8-BBB6-4357-A016-13EFC1EF0257}.Release|Any CPU.ActiveCfg = Release|Any CPU
		{85728EA8-BBB6-4357-A016-13EFC1EF0257}.Release|Any CPU.Build.0 = Release|Any CPU
		{ACBBB4EE-3AF1-4AA5-A4D3-73FD4CBB6287}.Debug|Any CPU.ActiveCfg = Debug|Any CPU
		{ACBBB4EE-3AF1-4AA5-A4D3-73FD4CBB6287}.Debug|Any CPU.Build.0 = Debug|Any CPU
		{ACBBB4EE-3AF1-4AA5-A4D3-73FD4CBB6287}.Release|Any CPU.ActiveCfg = Release|Any CPU
		{ACBBB4EE-3AF1-4AA5-A4D3-73FD4CBB6287}.Release|Any CPU.Build.0 = Release|Any CPU
		{E7AACE87-327C-4052-965A-EAD9D1F4C316}.Debug|Any CPU.ActiveCfg = Debug|Any CPU
		{E7AACE87-327C-4052-965A-EAD9D1F4C316}.Debug|Any CPU.Build.0 = Debug|Any CPU
		{E7AACE87-327C-4052-965A-EAD9D1F4C316}.Release|Any CPU.ActiveCfg = Release|Any CPU
		{E7AACE87-327C-4052-965A-EAD9D1F4C316}.Release|Any CPU.Build.0 = Release|Any CPU
		{FF684097-272B-4715-B339-7F157D43DC25}.Debug|Any CPU.ActiveCfg = Debug|Any CPU
		{FF684097-272B-4715-B339-7F157D43DC25}.Debug|Any CPU.Build.0 = Debug|Any CPU
		{FF684097-272B-4715-B339-7F157D43DC25}.Release|Any CPU.ActiveCfg = Release|Any CPU
		{FF684097-272B-4715-B339-7F157D43DC25}.Release|Any CPU.Build.0 = Release|Any CPU
		{8791992B-0BB3-4EBC-970C-9C4E3B9EF8C5}.Debug|Any CPU.ActiveCfg = Debug|Any CPU
		{8791992B-0BB3-4EBC-970C-9C4E3B9EF8C5}.Debug|Any CPU.Build.0 = Debug|Any CPU
		{8791992B-0BB3-4EBC-970C-9C4E3B9EF8C5}.Release|Any CPU.ActiveCfg = Release|Any CPU
		{8791992B-0BB3-4EBC-970C-9C4E3B9EF8C5}.Release|Any CPU.Build.0 = Release|Any CPU
		{B77D2D92-EE07-4D46-8158-AC4C3272D6F7}.Debug|Any CPU.ActiveCfg = Debug|Any CPU
		{B77D2D92-EE07-4D46-8158-AC4C3272D6F7}.Debug|Any CPU.Build.0 = Debug|Any CPU
		{B77D2D92-EE07-4D46-8158-AC4C3272D6F7}.Release|Any CPU.ActiveCfg = Release|Any CPU
		{B77D2D92-EE07-4D46-8158-AC4C3272D6F7}.Release|Any CPU.Build.0 = Release|Any CPU
		{7B2F9C0F-95EB-48C9-ACAA-415A3D8A8087}.Debug|Any CPU.ActiveCfg = Debug|Any CPU
		{7B2F9C0F-95EB-48C9-ACAA-415A3D8A8087}.Debug|Any CPU.Build.0 = Debug|Any CPU
		{7B2F9C0F-95EB-48C9-ACAA-415A3D8A8087}.Release|Any CPU.ActiveCfg = Release|Any CPU
		{7B2F9C0F-95EB-48C9-ACAA-415A3D8A8087}.Release|Any CPU.Build.0 = Release|Any CPU
		{FD751D09-C926-4952-A0B7-50B5F85F04A5}.Debug|Any CPU.ActiveCfg = Debug|Any CPU
		{FD751D09-C926-4952-A0B7-50B5F85F04A5}.Debug|Any CPU.Build.0 = Debug|Any CPU
		{FD751D09-C926-4952-A0B7-50B5F85F04A5}.Release|Any CPU.ActiveCfg = Release|Any CPU
		{FD751D09-C926-4952-A0B7-50B5F85F04A5}.Release|Any CPU.Build.0 = Release|Any CPU
	EndGlobalSection
	GlobalSection(SolutionProperties) = preSolution
		HideSolutionNode = FALSE
	EndGlobalSection
	GlobalSection(NestedProjects) = preSolution
		{E7AACE87-327C-4052-965A-EAD9D1F4C316} = {22C24C44-F709-4F92-B340-38311D7A6AE7}
		{FF684097-272B-4715-B339-7F157D43DC25} = {22C24C44-F709-4F92-B340-38311D7A6AE7}
		{8791992B-0BB3-4EBC-970C-9C4E3B9EF8C5} = {22C24C44-F709-4F92-B340-38311D7A6AE7}
		{B77D2D92-EE07-4D46-8158-AC4C3272D6F7} = {22C24C44-F709-4F92-B340-38311D7A6AE7}
		{7B2F9C0F-95EB-48C9-ACAA-415A3D8A8087} = {22C24C44-F709-4F92-B340-38311D7A6AE7}
		{FD751D09-C926-4952-A0B7-50B5F85F04A5} = {22C24C44-F709-4F92-B340-38311D7A6AE7}
	EndGlobalSection
	GlobalSection(ExtensibilityGlobals) = postSolution
		SolutionGuid = {22A75822-3C36-4529-B369-1F5A7653AD59}
	EndGlobalSection
EndGlobal
