
Microsoft Visual Studio Solution File, Format Version 12.00
# Visual Studio Version 17
VisualStudioVersion = 17.0.31912.275
MinimumVisualStudioVersion = 10.0.40219.1
Project("{FAE04EC0-301F-11D3-BF4B-00C04F79EFBC}") = "Account", "Account\Account.csproj", "{A78CD5DF-1FF9-4A14-A78F-7AED668C98A4}"
EndProject
Project("{FAE04EC0-301F-11D3-BF4B-00C04F79EFBC}") = "BankAccount", "BankAccount\BankAccount.csproj", "{4A462DDE-D798-4818-BB68-2116834B0035}"
EndProject
Project("{FAE04EC0-301F-11D3-BF4B-00C04F79EFBC}") = "EnergyDrinks", "EnergyDrinks\EnergyDrinks.csproj", "{7FCC007C-DD8E-40D3-9080-690E3A5BCACE}"
EndProject
Project("{FAE04EC0-301F-11D3-BF4B-00C04F79EFBC}") = "FuelConsumptionCalculator", "FuelConsumptionCalculator\FuelConsumptionCalculator.csproj", "{8CFA0561-C4D0-4419-AC65-C90E0AF2C6FC}"
EndProject
Project("{FAE04EC0-301F-11D3-BF4B-00C04F79EFBC}") = "VideoStore", "VideoStore\VideoStore.csproj", "{40352489-4287-4C39-879A-55BB1A9ED983}"
EndProject
Project("{FAE04EC0-301F-11D3-BF4B-00C04F79EFBC}") = "tictactoe", "tictactoe\tictactoe.csproj", "{4043D09D-3263-45E8-AD12-E9F40BC370A0}"
EndProject
Project("{FAE04EC0-301F-11D3-BF4B-00C04F79EFBC}") = "TaxableExample", "TaxableExample\TaxableExample.csproj", "{B12BD80F-9F42-4167-8054-A635CFAE08F6}"
EndProject
Project("{9A19103F-16F7-4668-BE54-9A1E7A4F7556}") = "Exercise1", "Exercise1\Exercise1.csproj", "{2C74AAA8-01A4-45BB-A63F-567521F5C9FE}"
EndProject
Project("{9A19103F-16F7-4668-BE54-9A1E7A4F7556}") = "Exercise3", "Exercise3\Exercise3.csproj", "{1198AC5E-2844-4C36-8E75-A01681CD5223}"
EndProject
Project("{9A19103F-16F7-4668-BE54-9A1E7A4F7556}") = "Exercise4", "Exercise4\Exercise4.csproj", "{BDD2D554-D61B-43C7-B054-B05F456556BC}"
EndProject
Project("{9A19103F-16F7-4668-BE54-9A1E7A4F7556}") = "Exercise5", "Exercise5\Exercise5.csproj", "{3126A760-F670-4C65-911F-4627A0070831}"
EndProject
Project("{9A19103F-16F7-4668-BE54-9A1E7A4F7556}") = "Exercise7", "Exercise7\Exercise7.csproj", "{066A6018-A0F6-48F2-A6DF-7C54E2612D21}"
EndProject
Project("{9A19103F-16F7-4668-BE54-9A1E7A4F7556}") = "Exercise8", "Exercise8\Exercise8.csproj", "{BEF6DD2F-6436-4F49-8760-E898668B0CA8}"
EndProject
Project("{9A19103F-16F7-4668-BE54-9A1E7A4F7556}") = "Exercise9", "Exercise9\Exercise9.csproj", "{21E65AD1-F42E-4318-BC45-F3CDCCA1E841}"
EndProject
Project("{FAE04EC0-301F-11D3-BF4B-00C04F79EFBC}") = "Exercise1Tests", "Exercise1Tests\Exercise1Tests.csproj", "{842926F0-A44A-4A40-9C9F-5C2342B559DA}"
EndProject
Project("{2150E333-8FDC-42A3-9474-1A3956D46DE8}") = "Tests", "Tests", "{8001F20F-19E4-497A-9126-146C2BAD1BDF}"
EndProject
Project("{FAE04EC0-301F-11D3-BF4B-00C04F79EFBC}") = "Exercise5Tests", "Exercise5Tests\Exercise5Tests.csproj", "{F258B10E-2C68-4D8B-93BA-D0AF02D0844D}"
EndProject
Project("{FAE04EC0-301F-11D3-BF4B-00C04F79EFBC}") = "AccountTests", "AccountTests\AccountTests.csproj", "{892A46FE-22DA-4D4A-9810-9F0461216295}"
EndProject
Global
	GlobalSection(SolutionConfigurationPlatforms) = preSolution
		Debug|Any CPU = Debug|Any CPU
		Release|Any CPU = Release|Any CPU
	EndGlobalSection
	GlobalSection(ProjectConfigurationPlatforms) = postSolution
		{A78CD5DF-1FF9-4A14-A78F-7AED668C98A4}.Debug|Any CPU.ActiveCfg = Debug|Any CPU
		{A78CD5DF-1FF9-4A14-A78F-7AED668C98A4}.Debug|Any CPU.Build.0 = Debug|Any CPU
		{A78CD5DF-1FF9-4A14-A78F-7AED668C98A4}.Release|Any CPU.ActiveCfg = Release|Any CPU
		{A78CD5DF-1FF9-4A14-A78F-7AED668C98A4}.Release|Any CPU.Build.0 = Release|Any CPU
		{4A462DDE-D798-4818-BB68-2116834B0035}.Debug|Any CPU.ActiveCfg = Debug|Any CPU
		{4A462DDE-D798-4818-BB68-2116834B0035}.Debug|Any CPU.Build.0 = Debug|Any CPU
		{4A462DDE-D798-4818-BB68-2116834B0035}.Release|Any CPU.ActiveCfg = Release|Any CPU
		{4A462DDE-D798-4818-BB68-2116834B0035}.Release|Any CPU.Build.0 = Release|Any CPU
		{7FCC007C-DD8E-40D3-9080-690E3A5BCACE}.Debug|Any CPU.ActiveCfg = Debug|Any CPU
		{7FCC007C-DD8E-40D3-9080-690E3A5BCACE}.Debug|Any CPU.Build.0 = Debug|Any CPU
		{7FCC007C-DD8E-40D3-9080-690E3A5BCACE}.Release|Any CPU.ActiveCfg = Release|Any CPU
		{7FCC007C-DD8E-40D3-9080-690E3A5BCACE}.Release|Any CPU.Build.0 = Release|Any CPU
		{8CFA0561-C4D0-4419-AC65-C90E0AF2C6FC}.Debug|Any CPU.ActiveCfg = Debug|Any CPU
		{8CFA0561-C4D0-4419-AC65-C90E0AF2C6FC}.Debug|Any CPU.Build.0 = Debug|Any CPU
		{8CFA0561-C4D0-4419-AC65-C90E0AF2C6FC}.Release|Any CPU.ActiveCfg = Release|Any CPU
		{8CFA0561-C4D0-4419-AC65-C90E0AF2C6FC}.Release|Any CPU.Build.0 = Release|Any CPU
		{40352489-4287-4C39-879A-55BB1A9ED983}.Debug|Any CPU.ActiveCfg = Debug|Any CPU
		{40352489-4287-4C39-879A-55BB1A9ED983}.Debug|Any CPU.Build.0 = Debug|Any CPU
		{40352489-4287-4C39-879A-55BB1A9ED983}.Release|Any CPU.ActiveCfg = Release|Any CPU
		{40352489-4287-4C39-879A-55BB1A9ED983}.Release|Any CPU.Build.0 = Release|Any CPU
		{4043D09D-3263-45E8-AD12-E9F40BC370A0}.Debug|Any CPU.ActiveCfg = Debug|Any CPU
		{4043D09D-3263-45E8-AD12-E9F40BC370A0}.Debug|Any CPU.Build.0 = Debug|Any CPU
		{4043D09D-3263-45E8-AD12-E9F40BC370A0}.Release|Any CPU.ActiveCfg = Release|Any CPU
		{4043D09D-3263-45E8-AD12-E9F40BC370A0}.Release|Any CPU.Build.0 = Release|Any CPU
		{B12BD80F-9F42-4167-8054-A635CFAE08F6}.Debug|Any CPU.ActiveCfg = Debug|Any CPU
		{B12BD80F-9F42-4167-8054-A635CFAE08F6}.Debug|Any CPU.Build.0 = Debug|Any CPU
		{B12BD80F-9F42-4167-8054-A635CFAE08F6}.Release|Any CPU.ActiveCfg = Release|Any CPU
		{B12BD80F-9F42-4167-8054-A635CFAE08F6}.Release|Any CPU.Build.0 = Release|Any CPU
		{2C74AAA8-01A4-45BB-A63F-567521F5C9FE}.Debug|Any CPU.ActiveCfg = Debug|Any CPU
		{2C74AAA8-01A4-45BB-A63F-567521F5C9FE}.Debug|Any CPU.Build.0 = Debug|Any CPU
		{2C74AAA8-01A4-45BB-A63F-567521F5C9FE}.Release|Any CPU.ActiveCfg = Release|Any CPU
		{2C74AAA8-01A4-45BB-A63F-567521F5C9FE}.Release|Any CPU.Build.0 = Release|Any CPU
		{1198AC5E-2844-4C36-8E75-A01681CD5223}.Debug|Any CPU.ActiveCfg = Debug|Any CPU
		{1198AC5E-2844-4C36-8E75-A01681CD5223}.Debug|Any CPU.Build.0 = Debug|Any CPU
		{1198AC5E-2844-4C36-8E75-A01681CD5223}.Release|Any CPU.ActiveCfg = Release|Any CPU
		{1198AC5E-2844-4C36-8E75-A01681CD5223}.Release|Any CPU.Build.0 = Release|Any CPU
		{BDD2D554-D61B-43C7-B054-B05F456556BC}.Debug|Any CPU.ActiveCfg = Debug|Any CPU
		{BDD2D554-D61B-43C7-B054-B05F456556BC}.Debug|Any CPU.Build.0 = Debug|Any CPU
		{BDD2D554-D61B-43C7-B054-B05F456556BC}.Release|Any CPU.ActiveCfg = Release|Any CPU
		{BDD2D554-D61B-43C7-B054-B05F456556BC}.Release|Any CPU.Build.0 = Release|Any CPU
		{3126A760-F670-4C65-911F-4627A0070831}.Debug|Any CPU.ActiveCfg = Debug|Any CPU
		{3126A760-F670-4C65-911F-4627A0070831}.Debug|Any CPU.Build.0 = Debug|Any CPU
		{3126A760-F670-4C65-911F-4627A0070831}.Release|Any CPU.ActiveCfg = Release|Any CPU
		{3126A760-F670-4C65-911F-4627A0070831}.Release|Any CPU.Build.0 = Release|Any CPU
		{066A6018-A0F6-48F2-A6DF-7C54E2612D21}.Debug|Any CPU.ActiveCfg = Debug|Any CPU
		{066A6018-A0F6-48F2-A6DF-7C54E2612D21}.Debug|Any CPU.Build.0 = Debug|Any CPU
		{066A6018-A0F6-48F2-A6DF-7C54E2612D21}.Release|Any CPU.ActiveCfg = Release|Any CPU
		{066A6018-A0F6-48F2-A6DF-7C54E2612D21}.Release|Any CPU.Build.0 = Release|Any CPU
		{BEF6DD2F-6436-4F49-8760-E898668B0CA8}.Debug|Any CPU.ActiveCfg = Debug|Any CPU
		{BEF6DD2F-6436-4F49-8760-E898668B0CA8}.Debug|Any CPU.Build.0 = Debug|Any CPU
		{BEF6DD2F-6436-4F49-8760-E898668B0CA8}.Release|Any CPU.ActiveCfg = Release|Any CPU
		{BEF6DD2F-6436-4F49-8760-E898668B0CA8}.Release|Any CPU.Build.0 = Release|Any CPU
		{21E65AD1-F42E-4318-BC45-F3CDCCA1E841}.Debug|Any CPU.ActiveCfg = Debug|Any CPU
		{21E65AD1-F42E-4318-BC45-F3CDCCA1E841}.Debug|Any CPU.Build.0 = Debug|Any CPU
		{21E65AD1-F42E-4318-BC45-F3CDCCA1E841}.Release|Any CPU.ActiveCfg = Release|Any CPU
		{21E65AD1-F42E-4318-BC45-F3CDCCA1E841}.Release|Any CPU.Build.0 = Release|Any CPU
		{842926F0-A44A-4A40-9C9F-5C2342B559DA}.Debug|Any CPU.ActiveCfg = Debug|Any CPU
		{842926F0-A44A-4A40-9C9F-5C2342B559DA}.Debug|Any CPU.Build.0 = Debug|Any CPU
		{842926F0-A44A-4A40-9C9F-5C2342B559DA}.Release|Any CPU.ActiveCfg = Release|Any CPU
		{842926F0-A44A-4A40-9C9F-5C2342B559DA}.Release|Any CPU.Build.0 = Release|Any CPU
		{F258B10E-2C68-4D8B-93BA-D0AF02D0844D}.Debug|Any CPU.ActiveCfg = Debug|Any CPU
		{F258B10E-2C68-4D8B-93BA-D0AF02D0844D}.Debug|Any CPU.Build.0 = Debug|Any CPU
		{F258B10E-2C68-4D8B-93BA-D0AF02D0844D}.Release|Any CPU.ActiveCfg = Release|Any CPU
		{F258B10E-2C68-4D8B-93BA-D0AF02D0844D}.Release|Any CPU.Build.0 = Release|Any CPU
		{892A46FE-22DA-4D4A-9810-9F0461216295}.Debug|Any CPU.ActiveCfg = Debug|Any CPU
		{892A46FE-22DA-4D4A-9810-9F0461216295}.Debug|Any CPU.Build.0 = Debug|Any CPU
		{892A46FE-22DA-4D4A-9810-9F0461216295}.Release|Any CPU.ActiveCfg = Release|Any CPU
		{892A46FE-22DA-4D4A-9810-9F0461216295}.Release|Any CPU.Build.0 = Release|Any CPU
	EndGlobalSection
	GlobalSection(SolutionProperties) = preSolution
		HideSolutionNode = FALSE
	EndGlobalSection
	GlobalSection(NestedProjects) = preSolution
		{842926F0-A44A-4A40-9C9F-5C2342B559DA} = {8001F20F-19E4-497A-9126-146C2BAD1BDF}
		{F258B10E-2C68-4D8B-93BA-D0AF02D0844D} = {8001F20F-19E4-497A-9126-146C2BAD1BDF}
		{892A46FE-22DA-4D4A-9810-9F0461216295} = {8001F20F-19E4-497A-9126-146C2BAD1BDF}
	EndGlobalSection
	GlobalSection(ExtensibilityGlobals) = postSolution
		SolutionGuid = {57C5E787-AAEA-41CC-BD12-4A66023D0568}
	EndGlobalSection
EndGlobal
