
Microsoft Visual Studio Solution File, Format Version 12.00
# Visual Studio Version 17
VisualStudioVersion = 17.0.31912.275
MinimumVisualStudioVersion = 10.0.40219.1
Project("{9A19103F-16F7-4668-BE54-9A1E7A4F7556}") = "DragRace", "DragRace\DragRace.csproj", "{D8D8F370-AA14-4E73-8EC9-C4ED0CFEC1B9}"
EndProject
Project("{9A19103F-16F7-4668-BE54-9A1E7A4F7556}") = "MakeSounds", "MakeSounds\MakeSounds.csproj", "{9D367BA6-E26A-4E44-A2F9-8027E185921B}"
EndProject
Project("{9A19103F-16F7-4668-BE54-9A1E7A4F7556}") = "Firm", "Firm\Firm.csproj", "{18028C7D-318F-43B3-9F99-F25C2628BE55}"
EndProject
Project("{FAE04EC0-301F-11D3-BF4B-00C04F79EFBC}") = "Exercise3", "Exercise3\Exercise3.csproj", "{21A61C5F-21CC-4983-9394-D33DD0815A9C}"
EndProject
Project("{9A19103F-16F7-4668-BE54-9A1E7A4F7556}") = "AdApp", "AdApp\AdApp.csproj", "{895DFDEB-8F37-41B2-931D-725535EBA6D1}"
EndProject
Project("{FAE04EC0-301F-11D3-BF4B-00C04F79EFBC}") = "Exercise6", "Exercise6\Exercise6.csproj", "{422F6B1F-9BB5-4A74-8911-1A14CDA44C36}"
EndProject
Global
	GlobalSection(SolutionConfigurationPlatforms) = preSolution
		Debug|Any CPU = Debug|Any CPU
		Release|Any CPU = Release|Any CPU
	EndGlobalSection
	GlobalSection(ProjectConfigurationPlatforms) = postSolution
		{D8D8F370-AA14-4E73-8EC9-C4ED0CFEC1B9}.Debug|Any CPU.ActiveCfg = Debug|Any CPU
		{D8D8F370-AA14-4E73-8EC9-C4ED0CFEC1B9}.Debug|Any CPU.Build.0 = Debug|Any CPU
		{D8D8F370-AA14-4E73-8EC9-C4ED0CFEC1B9}.Release|Any CPU.ActiveCfg = Release|Any CPU
		{D8D8F370-AA14-4E73-8EC9-C4ED0CFEC1B9}.Release|Any CPU.Build.0 = Release|Any CPU
		{9D367BA6-E26A-4E44-A2F9-8027E185921B}.Debug|Any CPU.ActiveCfg = Debug|Any CPU
		{9D367BA6-E26A-4E44-A2F9-8027E185921B}.Debug|Any CPU.Build.0 = Debug|Any CPU
		{9D367BA6-E26A-4E44-A2F9-8027E185921B}.Release|Any CPU.ActiveCfg = Release|Any CPU
		{9D367BA6-E26A-4E44-A2F9-8027E185921B}.Release|Any CPU.Build.0 = Release|Any CPU
		{18028C7D-318F-43B3-9F99-F25C2628BE55}.Debug|Any CPU.ActiveCfg = Debug|Any CPU
		{18028C7D-318F-43B3-9F99-F25C2628BE55}.Debug|Any CPU.Build.0 = Debug|Any CPU
		{18028C7D-318F-43B3-9F99-F25C2628BE55}.Release|Any CPU.ActiveCfg = Release|Any CPU
		{18028C7D-318F-43B3-9F99-F25C2628BE55}.Release|Any CPU.Build.0 = Release|Any CPU
		{21A61C5F-21CC-4983-9394-D33DD0815A9C}.Debug|Any CPU.ActiveCfg = Debug|Any CPU
		{21A61C5F-21CC-4983-9394-D33DD0815A9C}.Debug|Any CPU.Build.0 = Debug|Any CPU
		{21A61C5F-21CC-4983-9394-D33DD0815A9C}.Release|Any CPU.ActiveCfg = Release|Any CPU
		{21A61C5F-21CC-4983-9394-D33DD0815A9C}.Release|Any CPU.Build.0 = Release|Any CPU
		{895DFDEB-8F37-41B2-931D-725535EBA6D1}.Debug|Any CPU.ActiveCfg = Debug|Any CPU
		{895DFDEB-8F37-41B2-931D-725535EBA6D1}.Debug|Any CPU.Build.0 = Debug|Any CPU
		{895DFDEB-8F37-41B2-931D-725535EBA6D1}.Release|Any CPU.ActiveCfg = Release|Any CPU
		{895DFDEB-8F37-41B2-931D-725535EBA6D1}.Release|Any CPU.Build.0 = Release|Any CPU
		{422F6B1F-9BB5-4A74-8911-1A14CDA44C36}.Debug|Any CPU.ActiveCfg = Debug|Any CPU
		{422F6B1F-9BB5-4A74-8911-1A14CDA44C36}.Debug|Any CPU.Build.0 = Debug|Any CPU
		{422F6B1F-9BB5-4A74-8911-1A14CDA44C36}.Release|Any CPU.ActiveCfg = Release|Any CPU
		{422F6B1F-9BB5-4A74-8911-1A14CDA44C36}.Release|Any CPU.Build.0 = Release|Any CPU
	EndGlobalSection
	GlobalSection(SolutionProperties) = preSolution
		HideSolutionNode = FALSE
	EndGlobalSection
	GlobalSection(ExtensibilityGlobals) = postSolution
		SolutionGuid = {27BF690A-ACC3-4AB0-8EB2-BA967B94E29B}
	EndGlobalSection
EndGlobal
